
Microsoft Visual Studio Solution File, Format Version 12.00
# Visual Studio Version 17
VisualStudioVersion = 17.8.34330.188
MinimumVisualStudioVersion = 10.0.40219.1
Project("{8BC9CEB8-8B4A-11D0-8D11-00A0C91BC942}") = "Lab_9", "Lab_9\Lab_9.vcxproj", "{F306CC5C-74E6-4E44-8137-5FE79D10351B}"
EndProject
Project("{8BC9CEB8-8B4A-11D0-8D11-00A0C91BC942}") = "Lab_9_client", "Lab_9_client\Lab_9_client.vcxproj", "{7DC9DCE5-A4B8-4050-B8C8-B1444C0D13CF}"
EndProject
Global
	GlobalSection(SolutionConfigurationPlatforms) = preSolution
		Debug|x64 = Debug|x64
		Debug|x86 = Debug|x86
		Release|x64 = Release|x64
		Release|x86 = Release|x86
	EndGlobalSection
	GlobalSection(ProjectConfigurationPlatforms) = postSolution
		{F306CC5C-74E6-4E44-8137-5FE79D10351B}.Debug|x64.ActiveCfg = Debug|x64
		{F306CC5C-74E6-4E44-8137-5FE79D10351B}.Debug|x64.Build.0 = Debug|x64
		{F306CC5C-74E6-4E44-8137-5FE79D10351B}.Debug|x86.ActiveCfg = Debug|Win32
		{F306CC5C-74E6-4E44-8137-5FE79D10351B}.Debug|x86.Build.0 = Debug|Win32
		{F306CC5C-74E6-4E44-8137-5FE79D10351B}.Release|x64.ActiveCfg = Release|x64
		{F306CC5C-74E6-4E44-8137-5FE79D10351B}.Release|x64.Build.0 = Release|x64
		{F306CC5C-74E6-4E44-8137-5FE79D10351B}.Release|x86.ActiveCfg = Release|Win32
		{F306CC5C-74E6-4E44-8137-5FE79D10351B}.Release|x86.Build.0 = Release|Win32
		{7DC9DCE5-A4B8-4050-B8C8-B1444C0D13CF}.Debug|x64.ActiveCfg = Debug|x64
		{7DC9DCE5-A4B8-4050-B8C8-B1444C0D13CF}.Debug|x64.Build.0 = Debug|x64
		{7DC9DCE5-A4B8-4050-B8C8-B1444C0D13CF}.Debug|x86.ActiveCfg = Debug|Win32
		{7DC9DCE5-A4B8-4050-B8C8-B1444C0D13CF}.Debug|x86.Build.0 = Debug|Win32
		{7DC9DCE5-A4B8-4050-B8C8-B1444C0D13CF}.Release|x64.ActiveCfg = Release|x64
		{7DC9DCE5-A4B8-4050-B8C8-B1444C0D13CF}.Release|x64.Build.0 = Release|x64
		{7DC9DCE5-A4B8-4050-B8C8-B1444C0D13CF}.Release|x86.ActiveCfg = Release|Win32
		{7DC9DCE5-A4B8-4050-B8C8-B1444C0D13CF}.Release|x86.Build.0 = Release|Win32
	EndGlobalSection
	GlobalSection(SolutionProperties) = preSolution
		HideSolutionNode = FALSE
	EndGlobalSection
	GlobalSection(ExtensibilityGlobals) = postSolution
		SolutionGuid = {4045F690-2384-4788-868D-063D67033EA1}
	EndGlobalSection
EndGlobal
